// !$*UTF8*$!
{
	archiveVersion = 1;
	classes = {
	};
	objectVersion = 55;
	objects = {

/* Begin PBXBuildFile section */
		7868451E2914706100E85FE0 /* AppDelegate.swift in Sources */ = {isa = PBXBuildFile; fileRef = 7868451D2914706100E85FE0 /* AppDelegate.swift */; };
		786845202914706100E85FE0 /* SceneDelegate.swift in Sources */ = {isa = PBXBuildFile; fileRef = 7868451F2914706100E85FE0 /* SceneDelegate.swift */; };
		786845222914706100E85FE0 /* ViewController.swift in Sources */ = {isa = PBXBuildFile; fileRef = 786845212914706100E85FE0 /* ViewController.swift */; };
		786845252914706100E85FE0 /* Main.storyboard in Resources */ = {isa = PBXBuildFile; fileRef = 786845232914706100E85FE0 /* Main.storyboard */; };
		786845272914706200E85FE0 /* Assets.xcassets in Resources */ = {isa = PBXBuildFile; fileRef = 786845262914706200E85FE0 /* Assets.xcassets */; };
		7868452A2914706200E85FE0 /* LaunchScreen.storyboard in Resources */ = {isa = PBXBuildFile; fileRef = 786845282914706200E85FE0 /* LaunchScreen.storyboard */; };
		78849776291624CA009931F9 /* lab2.pdf in Resources */ = {isa = PBXBuildFile; fileRef = 78849775291624CA009931F9 /* lab2.pdf */; };
/* End PBXBuildFile section */

/* Begin PBXFileReference section */
		7868451A2914706100E85FE0 /* Lesson 16 [UIWebView + UIActivityIndicator + openPdf].app */ = {isa = PBXFileReference; explicitFileType = wrapper.application; includeInIndex = 0; path = "Lesson 16 [UIWebView + UIActivityIndicator + openPdf].app"; sourceTree = BUILT_PRODUCTS_DIR; };
		7868451D2914706100E85FE0 /* AppDelegate.swift */ = {isa = PBXFileReference; lastKnownFileType = sourcecode.swift; path = AppDelegate.swift; sourceTree = "<group>"; };
		7868451F2914706100E85FE0 /* SceneDelegate.swift */ = {isa = PBXFileReference; lastKnownFileType = sourcecode.swift; path = SceneDelegate.swift; sourceTree = "<group>"; };
		786845212914706100E85FE0 /* ViewController.swift */ = {isa = PBXFileReference; lastKnownFileType = sourcecode.swift; path = ViewController.swift; sourceTree = "<group>"; };
		786845242914706100E85FE0 /* Base */ = {isa = PBXFileReference; lastKnownFileType = file.storyboard; name = Base; path = Base.lproj/Main.storyboard; sourceTree = "<group>"; };
		786845262914706200E85FE0 /* Assets.xcassets */ = {isa = PBXFileReference; lastKnownFileType = folder.assetcatalog; path = Assets.xcassets; sourceTree = "<group>"; };
		786845292914706200E85FE0 /* Base */ = {isa = PBXFileReference; lastKnownFileType = file.storyboard; name = Base; path = Base.lproj/LaunchScreen.storyboard; sourceTree = "<group>"; };
		7868452B2914706200E85FE0 /* Info.plist */ = {isa = PBXFileReference; lastKnownFileType = text.plist.xml; path = Info.plist; sourceTree = "<group>"; };
		78849775291624CA009931F9 /* lab2.pdf */ = {isa = PBXFileReference; lastKnownFileType = image.pdf; path = lab2.pdf; sourceTree = "<group>"; };
/* End PBXFileReference section */

/* Begin PBXFrameworksBuildPhase section */
		786845172914706100E85FE0 /* Frameworks */ = {
			isa = PBXFrameworksBuildPhase;
			buildActionMask = 2147483647;
			files = (
			);
			runOnlyForDeploymentPostprocessing = 0;
		};
/* End PBXFrameworksBuildPhase section */

/* Begin PBXGroup section */
		786845112914706100E85FE0 = {
			isa = PBXGroup;
			children = (
				7868451C2914706100E85FE0 /* Lesson 16 [UIWebView + UIActivityIndicator + openPdf] */,
				7868451B2914706100E85FE0 /* Products */,
			);
			sourceTree = "<group>";
		};
		7868451B2914706100E85FE0 /* Products */ = {
			isa = PBXGroup;
			children = (
				7868451A2914706100E85FE0 /* Lesson 16 [UIWebView + UIActivityIndicator + openPdf].app */,
			);
			name = Products;
			sourceTree = "<group>";
		};
		7868451C2914706100E85FE0 /* Lesson 16 [UIWebView + UIActivityIndicator + openPdf] */ = {
			isa = PBXGroup;
			children = (
				7868451D2914706100E85FE0 /* AppDelegate.swift */,
				7868451F2914706100E85FE0 /* SceneDelegate.swift */,
				786845212914706100E85FE0 /* ViewController.swift */,
				78849775291624CA009931F9 /* lab2.pdf */,
				786845232914706100E85FE0 /* Main.storyboard */,
				786845262914706200E85FE0 /* Assets.xcassets */,
				786845282914706200E85FE0 /* LaunchScreen.storyboard */,
				7868452B2914706200E85FE0 /* Info.plist */,
			);
			path = "Lesson 16 [UIWebView + UIActivityIndicator + openPdf]";
			sourceTree = "<group>";
		};
/* End PBXGroup section */

/* Begin PBXNativeTarget section */
		786845192914706100E85FE0 /* Lesson 16 [UIWebView + UIActivityIndicator + openPdf] */ = {
			isa = PBXNativeTarget;
			buildConfigurationList = 7868452E2914706200E85FE0 /* Build configuration list for PBXNativeTarget "Lesson 16 [UIWebView + UIActivityIndicator + openPdf]" */;
			buildPhases = (
				786845162914706100E85FE0 /* Sources */,
				786845172914706100E85FE0 /* Frameworks */,
				786845182914706100E85FE0 /* Resources */,
			);
			buildRules = (
			);
			dependencies = (
			);
			name = "Lesson 16 [UIWebView + UIActivityIndicator + openPdf]";
			productName = "Lesson 16 [UIWebView + UIActivityIndicator + openPdf]";
			productReference = 7868451A2914706100E85FE0 /* Lesson 16 [UIWebView + UIActivityIndicator + openPdf].app */;
			productType = "com.apple.product-type.application";
		};
/* End PBXNativeTarget section */

/* Begin PBXProject section */
		786845122914706100E85FE0 /* Project object */ = {
			isa = PBXProject;
			attributes = {
				BuildIndependentTargetsInParallel = 1;
				LastSwiftUpdateCheck = 1330;
				LastUpgradeCheck = 1330;
				TargetAttributes = {
					786845192914706100E85FE0 = {
						CreatedOnToolsVersion = 13.3.1;
					};
				};
			};
			buildConfigurationList = 786845152914706100E85FE0 /* Build configuration list for PBXProject "Lesson 16 [UIWebView + UIActivityIndicator + openPdf]" */;
			compatibilityVersion = "Xcode 13.0";
			developmentRegion = en;
			hasScannedForEncodings = 0;
			knownRegions = (
				en,
				Base,
			);
			mainGroup = 786845112914706100E85FE0;
			packageReferences = (
			);
			productRefGroup = 7868451B2914706100E85FE0 /* Products */;
			projectDirPath = "";
			projectRoot = "";
			targets = (
				786845192914706100E85FE0 /* Lesson 16 [UIWebView + UIActivityIndicator + openPdf] */,
			);
		};
/* End PBXProject section */

/* Begin PBXResourcesBuildPhase section */
		786845182914706100E85FE0 /* Resources */ = {
			isa = PBXResourcesBuildPhase;
			buildActionMask = 2147483647;
			files = (
				7868452A2914706200E85FE0 /* LaunchScreen.storyboard in Resources */,
				78849776291624CA009931F9 /* lab2.pdf in Resources */,
				786845272914706200E85FE0 /* Assets.xcassets in Resources */,
				786845252914706100E85FE0 /* Main.storyboard in Resources */,
			);
			runOnlyForDeploymentPostprocessing = 0;
		};
/* End PBXResourcesBuildPhase section */

/* Begin PBXSourcesBuildPhase section */
		786845162914706100E85FE0 /* Sources */ = {
			isa = PBXSourcesBuildPhase;
			buildActionMask = 2147483647;
			files = (
				786845222914706100E85FE0 /* ViewController.swift in Sources */,
				7868451E2914706100E85FE0 /* AppDelegate.swift in Sources */,
				786845202914706100E85FE0 /* SceneDelegate.swift in Sources */,
			);
			runOnlyForDeploymentPostprocessing = 0;
		};
/* End PBXSourcesBuildPhase section */

/* Begin PBXVariantGroup section */
		786845232914706100E85FE0 /* Main.storyboard */ = {
			isa = PBXVariantGroup;
			children = (
				786845242914706100E85FE0 /* Base */,
			);
			name = Main.storyboard;
			sourceTree = "<group>";
		};
		786845282914706200E85FE0 /* LaunchScreen.storyboard */ = {
			isa = PBXVariantGroup;
			children = (
				786845292914706200E85FE0 /* Base */,
			);
			name = LaunchScreen.storyboard;
			sourceTree = "<group>";
		};
/* End PBXVariantGroup section */

/* Begin XCBuildConfiguration section */
		7868452C2914706200E85FE0 /* Debug */ = {
			isa = XCBuildConfiguration;
			buildSettings = {
				ALWAYS_SEARCH_USER_PATHS = NO;
				CLANG_ANALYZER_NONNULL = YES;
				CLANG_ANALYZER_NUMBER_OBJECT_CONVERSION = YES_AGGRESSIVE;
				CLANG_CXX_LANGUAGE_STANDARD = "gnu++17";
				CLANG_ENABLE_MODULES = YES;
				CLANG_ENABLE_OBJC_ARC = YES;
				CLANG_ENABLE_OBJC_WEAK = YES;
				CLANG_WARN_BLOCK_CAPTURE_AUTORELEASING = YES;
				CLANG_WARN_BOOL_CONVERSION = YES;
				CLANG_WARN_COMMA = YES;
				CLANG_WARN_CONSTANT_CONVERSION = YES;
				CLANG_WARN_DEPRECATED_OBJC_IMPLEMENTATIONS = YES;
				CLANG_WARN_DIRECT_OBJC_ISA_USAGE = YES_ERROR;
				CLANG_WARN_DOCUMENTATION_COMMENTS = YES;
				CLANG_WARN_EMPTY_BODY = YES;
				CLANG_WARN_ENUM_CONVERSION = YES;
				CLANG_WARN_INFINITE_RECURSION = YES;
				CLANG_WARN_INT_CONVERSION = YES;
				CLANG_WARN_NON_LITERAL_NULL_CONVERSION = YES;
				CLANG_WARN_OBJC_IMPLICIT_RETAIN_SELF = YES;
				CLANG_WARN_OBJC_LITERAL_CONVERSION = YES;
				CLANG_WARN_OBJC_ROOT_CLASS = YES_ERROR;
				CLANG_WARN_QUOTED_INCLUDE_IN_FRAMEWORK_HEADER = YES;
				CLANG_WARN_RANGE_LOOP_ANALYSIS = YES;
				CLANG_WARN_STRICT_PROTOTYPES = YES;
				CLANG_WARN_SUSPICIOUS_MOVE = YES;
				CLANG_WARN_UNGUARDED_AVAILABILITY = YES_AGGRESSIVE;
				CLANG_WARN_UNREACHABLE_CODE = YES;
				CLANG_WARN__DUPLICATE_METHOD_MATCH = YES;
				COPY_PHASE_STRIP = NO;
				DEBUG_INFORMATION_FORMAT = dwarf;
				ENABLE_STRICT_OBJC_MSGSEND = YES;
				ENABLE_TESTABILITY = YES;
				GCC_C_LANGUAGE_STANDARD = gnu11;
				GCC_DYNAMIC_NO_PIC = NO;
				GCC_NO_COMMON_BLOCKS = YES;
				GCC_OPTIMIZATION_LEVEL = 0;
				GCC_PREPROCESSOR_DEFINITIONS = (
					"DEBUG=1",
					"$(inherited)",
				);
				GCC_WARN_64_TO_32_BIT_CONVERSION = YES;
				GCC_WARN_ABOUT_RETURN_TYPE = YES_ERROR;
				GCC_WARN_UNDECLARED_SELECTOR = YES;
				GCC_WARN_UNINITIALIZED_AUTOS = YES_AGGRESSIVE;
				GCC_WARN_UNUSED_FUNCTION = YES;
				GCC_WARN_UNUSED_VARIABLE = YES;
				IPHONEOS_DEPLOYMENT_TARGET = 15.4;
				MTL_ENABLE_DEBUG_INFO = INCLUDE_SOURCE;
				MTL_FAST_MATH = YES;
				ONLY_ACTIVE_ARCH = YES;
				SDKROOT = iphoneos;
				SWIFT_ACTIVE_COMPILATION_CONDITIONS = DEBUG;
				SWIFT_OPTIMIZATION_LEVEL = "-Onone";
			};
			name = Debug;
		};
		7868452D2914706200E85FE0 /* Release */ = {
			isa = XCBuildConfiguration;
			buildSettings = {
				ALWAYS_SEARCH_USER_PATHS = NO;
				CLANG_ANALYZER_NONNULL = YES;
				CLANG_ANALYZER_NUMBER_OBJECT_CONVERSION = YES_AGGRESSIVE;
				CLANG_CXX_LANGUAGE_STANDARD = "gnu++17";
				CLANG_ENABLE_MODULES = YES;
				CLANG_ENABLE_OBJC_ARC = YES;
				CLANG_ENABLE_OBJC_WEAK = YES;
				CLANG_WARN_BLOCK_CAPTURE_AUTORELEASING = YES;
				CLANG_WARN_BOOL_CONVERSION = YES;
				CLANG_WARN_COMMA = YES;
				CLANG_WARN_CONSTANT_CONVERSION = YES;
				CLANG_WARN_DEPRECATED_OBJC_IMPLEMENTATIONS = YES;
				CLANG_WARN_DIRECT_OBJC_ISA_USAGE = YES_ERROR;
				CLANG_WARN_DOCUMENTATION_COMMENTS = YES;
				CLANG_WARN_EMPTY_BODY = YES;
				CLANG_WARN_ENUM_CONVERSION = YES;
				CLANG_WARN_INFINITE_RECURSION = YES;
				CLANG_WARN_INT_CONVERSION = YES;
				CLANG_WARN_NON_LITERAL_NULL_CONVERSION = YES;
				CLANG_WARN_OBJC_IMPLICIT_RETAIN_SELF = YES;
				CLANG_WARN_OBJC_LITERAL_CONVERSION = YES;
				CLANG_WARN_OBJC_ROOT_CLASS = YES_ERROR;
				CLANG_WARN_QUOTED_INCLUDE_IN_FRAMEWORK_HEADER = YES;
				CLANG_WARN_RANGE_LOOP_ANALYSIS = YES;
				CLANG_WARN_STRICT_PROTOTYPES = YES;
				CLANG_WARN_SUSPICIOUS_MOVE = YES;
				CLANG_WARN_UNGUARDED_AVAILABILITY = YES_AGGRESSIVE;
				CLANG_WARN_UNREACHABLE_CODE = YES;
				CLANG_WARN__DUPLICATE_METHOD_MATCH = YES;
				COPY_PHASE_STRIP = NO;
				DEBUG_INFORMATION_FORMAT = "dwarf-with-dsym";
				ENABLE_NS_ASSERTIONS = NO;
				ENABLE_STRICT_OBJC_MSGSEND = YES;
				GCC_C_LANGUAGE_STANDARD = gnu11;
				GCC_NO_COMMON_BLOCKS = YES;
				GCC_WARN_64_TO_32_BIT_CONVERSION = YES;
				GCC_WARN_ABOUT_RETURN_TYPE = YES_ERROR;
				GCC_WARN_UNDECLARED_SELECTOR = YES;
				GCC_WARN_UNINITIALIZED_AUTOS = YES_AGGRESSIVE;
				GCC_WARN_UNUSED_FUNCTION = YES;
				GCC_WARN_UNUSED_VARIABLE = YES;
				IPHONEOS_DEPLOYMENT_TARGET = 15.4;
				MTL_ENABLE_DEBUG_INFO = NO;
				MTL_FAST_MATH = YES;
				SDKROOT = iphoneos;
				SWIFT_COMPILATION_MODE = wholemodule;
				SWIFT_OPTIMIZATION_LEVEL = "-O";
				VALIDATE_PRODUCT = YES;
			};
			name = Release;
		};
		7868452F2914706200E85FE0 /* Debug */ = {
			isa = XCBuildConfiguration;
			buildSettings = {
				ASSETCATALOG_COMPILER_APPICON_NAME = AppIcon;
				ASSETCATALOG_COMPILER_GLOBAL_ACCENT_COLOR_NAME = AccentColor;
				CODE_SIGN_STYLE = Automatic;
				CURRENT_PROJECT_VERSION = 1;
				DEVELOPMENT_TEAM = F7C5X72NM7;
				GENERATE_INFOPLIST_FILE = YES;
				INFOPLIST_FILE = "Lesson 16 [UIWebView + UIActivityIndicator + openPdf]/Info.plist";
				INFOPLIST_KEY_UIApplicationSupportsIndirectInputEvents = YES;
				INFOPLIST_KEY_UILaunchStoryboardName = LaunchScreen;
				INFOPLIST_KEY_UIMainStoryboardFile = Main;
				INFOPLIST_KEY_UISupportedInterfaceOrientations_iPad = "UIInterfaceOrientationPortrait UIInterfaceOrientationPortraitUpsideDown UIInterfaceOrientationLandscapeLeft UIInterfaceOrientationLandscapeRight";
				INFOPLIST_KEY_UISupportedInterfaceOrientations_iPhone = "UIInterfaceOrientationPortrait UIInterfaceOrientationLandscapeLeft UIInterfaceOrientationLandscapeRight";
				LD_RUNPATH_SEARCH_PATHS = (
					"$(inherited)",
					"@executable_path/Frameworks",
				);
				MARKETING_VERSION = 2.0;
				PRODUCT_BUNDLE_IDENTIFIER = "com.definex.Lesson-16-UIWevView-UIactivityIndicator-openPdf";
				PRODUCT_NAME = "$(TARGET_NAME)";
				SWIFT_EMIT_LOC_STRINGS = YES;
				SWIFT_VERSION = 5.0;
				TARGETED_DEVICE_FAMILY = "1,2";
			};
			name = Debug;
		};
		786845302914706200E85FE0 /* Release */ = {
			isa = XCBuildConfiguration;
			buildSettings = {
				ASSETCATALOG_COMPILER_APPICON_NAME = AppIcon;
				ASSETCATALOG_COMPILER_GLOBAL_ACCENT_COLOR_NAME = AccentColor;
				CODE_SIGN_STYLE = Automatic;
				CURRENT_PROJECT_VERSION = 1;
				DEVELOPMENT_TEAM = F7C5X72NM7;
				GENERATE_INFOPLIST_FILE = YES;
				INFOPLIST_FILE = "Lesson 16 [UIWebView + UIActivityIndicator + openPdf]/Info.plist";
				INFOPLIST_KEY_UIApplicationSupportsIndirectInputEvents = YES;
				INFOPLIST_KEY_UILaunchStoryboardName = LaunchScreen;
				INFOPLIST_KEY_UIMainStoryboardFile = Main;
				INFOPLIST_KEY_UISupportedInterfaceOrientations_iPad = "UIInterfaceOrientationPortrait UIInterfaceOrientationPortraitUpsideDown UIInterfaceOrientationLandscapeLeft UIInterfaceOrientationLandscapeRight";
				INFOPLIST_KEY_UISupportedInterfaceOrientations_iPhone = "UIInterfaceOrientationPortrait UIInterfaceOrientationLandscapeLeft UIInterfaceOrientationLandscapeRight";
				LD_RUNPATH_SEARCH_PATHS = (
					"$(inherited)",
					"@executable_path/Frameworks",
				);
				MARKETING_VERSION = 2.0;
				PRODUCT_BUNDLE_IDENTIFIER = "com.definex.Lesson-16-UIWevView-UIactivityIndicator-openPdf";
				PRODUCT_NAME = "$(TARGET_NAME)";
				SWIFT_EMIT_LOC_STRINGS = YES;
				SWIFT_VERSION = 5.0;
				TARGETED_DEVICE_FAMILY = "1,2";
			};
			name = Release;
		};
/* End XCBuildConfiguration section */

/* Begin XCConfigurationList section */
		786845152914706100E85FE0 /* Build configuration list for PBXProject "Lesson 16 [UIWebView + UIActivityIndicator + openPdf]" */ = {
			isa = XCConfigurationList;
			buildConfigurations = (
				7868452C2914706200E85FE0 /* Debug */,
				7868452D2914706200E85FE0 /* Release */,
			);
			defaultConfigurationIsVisible = 0;
			defaultConfigurationName = Release;
		};
		7868452E2914706200E85FE0 /* Build configuration list for PBXNativeTarget "Lesson 16 [UIWebView + UIActivityIndicator + openPdf]" */ = {
			isa = XCConfigurationList;
			buildConfigurations = (
				7868452F2914706200E85FE0 /* Debug */,
				786845302914706200E85FE0 /* Release */,
			);
			defaultConfigurationIsVisible = 0;
			defaultConfigurationName = Release;
		};
/* End XCConfigurationList section */
	};
	rootObject = 786845122914706100E85FE0 /* Project object */;
}
